
Microsoft Visual Studio Solution File, Format Version 12.00
# Visual Studio 2012
Project("{FAE04EC0-301F-11D3-BF4B-00C04F79EFBC}") = "GAExampleMVC", "GAExampleMVC\GAExampleMVC.csproj", "{9ACEE58E-DC7B-405C-AFDE-BBFFBFBB51DD}"
EndProject
Global
	GlobalSection(SolutionConfigurationPlatforms) = preSolution
		Debug|Any CPU = Debug|Any CPU
		Release|Any CPU = Release|Any CPU
	EndGlobalSection
	GlobalSection(ProjectConfigurationPlatforms) = postSolution
		{9ACEE58E-DC7B-405C-AFDE-BBFFBFBB51DD}.Debug|Any CPU.ActiveCfg = Debug|Any CPU
		{9ACEE58E-DC7B-405C-AFDE-BBFFBFBB51DD}.Debug|Any CPU.Build.0 = Debug|Any CPU
		{9ACEE58E-DC7B-405C-AFDE-BBFFBFBB51DD}.Release|Any CPU.ActiveCfg = Release|Any CPU
		{9ACEE58E-DC7B-405C-AFDE-BBFFBFBB51DD}.Release|Any CPU.Build.0 = Release|Any CPU
	EndGlobalSection
	GlobalSection(SolutionProperties) = preSolution
		HideSolutionNode = FALSE
	EndGlobalSection
EndGlobal
